{
  "pins" : [
    {
      "identity" : "lighter",
      "kind" : "remoteSourceControl",
      "location" : "https://github.com/Lighter-swift/Lighter.git",
      "state" : {
        "revision" : "eff629d4d6a035188e43a2d07e3e7fa4fe9c910c",
        "version" : "1.0.2"
      }
    }
  ],
  "version" : 2
}
