{
  "pins" : [
    {
      "identity" : "lighter",
      "kind" : "remoteSourceControl",
      "location" : "git@github.com:55DB091A-8471-447B-8F50-5DFF4C1B14AC/Lighter.git",
      "state" : {
        "revision" : "cb7f477901307b77ab70c914175250e4935b3c1e",
        "version" : "1.0.0"
      }
    }
  ],
  "version" : 2
}
